// !$*UTF8*$!
{
	archiveVersion = 1;
	classes = {
	};
	objectVersion = 77;
	objects = {

/* Begin PBXBuildFile section */
		E282F6702FDC10C300709518 /* GoogleService-Info.plist in Resources */ = {isa = PBXBuildFile; fileRef = E282F66F2FDC10C300709518 /* GoogleService-Info.plist */; };
		E282F6732FDC115500709518 /* FirebaseCore in Frameworks */ = {isa = PBXBuildFile; productRef = E282F6722FDC115500709518 /* FirebaseCore */; };
		E282F6752FDC115500709518 /* FirebaseFirestore in Frameworks */ = {isa = PBXBuildFile; productRef = E282F6742FDC115500709518 /* FirebaseFirestore */; };
		E29F41A52FCF592500021309 /* KakaoSDKAuth in Frameworks */ = {isa = PBXBuildFile; productRef = E29F41A42FCF592500021309 /* KakaoSDKAuth */; };
		E29F41A72FCF592500021309 /* KakaoSDKCommon in Frameworks */ = {isa = PBXBuildFile; productRef = E29F41A62FCF592500021309 /* KakaoSDKCommon */; };
		E29F41A92FCF592500021309 /* KakaoSDKUser in Frameworks */ = {isa = PBXBuildFile; productRef = E29F41A82FCF592500021309 /* KakaoSDKUser */; };
		E2A46C992FB1D7640094CD4E /* Assets.xcassets in Resources */ = {isa = PBXBuildFile; fileRef = E2A46C952FB1D7640094CD4E /* Assets.xcassets */; };
		E2CBCD312FE7B13200CFC0CF /* Kingfisher in Frameworks */ = {isa = PBXBuildFile; productRef = E2CBCD302FE7B13200CFC0CF /* Kingfisher */; };
		E2F32AA82FEFE7CE001EFB3E /* FirebaseAnalytics in Frameworks */ = {isa = PBXBuildFile; productRef = E2F32AA72FEFE7CE001EFB3E /* FirebaseAnalytics */; };
		E2F32AAA2FEFE7D9001EFB3E /* FirebaseCrashlytics in Frameworks */ = {isa = PBXBuildFile; productRef = E2F32AA92FEFE7D9001EFB3E /* FirebaseCrashlytics */; };
		E2F32AAC2FEFE7E7001EFB3E /* FirebaseMessaging in Frameworks */ = {isa = PBXBuildFile; productRef = E2F32AAB2FEFE7E7001EFB3E /* FirebaseMessaging */; };
/* End PBXBuildFile section */

/* Begin PBXContainerItemProxy section */
		E286E4952FB1B48600F1715A /* PBXContainerItemProxy */ = {
			isa = PBXContainerItemProxy;
			containerPortal = E286E47D2FB1B48400F1715A /* Project object */;
			proxyType = 1;
			remoteGlobalIDString = E286E4842FB1B48400F1715A;
			remoteInfo = BookMate;
		};
		E286E49F2FB1B48600F1715A /* PBXContainerItemProxy */ = {
			isa = PBXContainerItemProxy;
			containerPortal = E286E47D2FB1B48400F1715A /* Project object */;
			proxyType = 1;
			remoteGlobalIDString = E286E4842FB1B48400F1715A;
			remoteInfo = BookMate;
		};
/* End PBXContainerItemProxy section */

/* Begin PBXFileReference section */
		E282F66F2FDC10C300709518 /* GoogleService-Info.plist */ = {isa = PBXFileReference; lastKnownFileType = text.plist.xml; path = "GoogleService-Info.plist"; sourceTree = "<group>"; };
		E286E4852FB1B48400F1715A /* BookMate.app */ = {isa = PBXFileReference; explicitFileType = wrapper.application; includeInIndex = 0; path = BookMate.app; sourceTree = BUILT_PRODUCTS_DIR; };
		E286E4942FB1B48600F1715A /* BookMateTests.xctest */ = {isa = PBXFileReference; explicitFileType = wrapper.cfbundle; includeInIndex = 0; path = BookMateTests.xctest; sourceTree = BUILT_PRODUCTS_DIR; };
		E286E49E2FB1B48600F1715A /* BookMateUITests.xctest */ = {isa = PBXFileReference; explicitFileType = wrapper.cfbundle; includeInIndex = 0; path = BookMateUITests.xctest; sourceTree = BUILT_PRODUCTS_DIR; };
		E2A46C952FB1D7640094CD4E /* Assets.xcassets */ = {isa = PBXFileReference; lastKnownFileType = folder.assetcatalog; path = Assets.xcassets; sourceTree = "<group>"; };
		E2B000012FB5000000000001 /* Base.xcconfig */ = {isa = PBXFileReference; lastKnownFileType = text.xcconfig; path = Base.xcconfig; sourceTree = "<group>"; };
		E2B000032FB5000000000003 /* Info.plist */ = {isa = PBXFileReference; lastKnownFileType = text.plist.xml; path = Info.plist; sourceTree = "<group>"; };
/* End PBXFileReference section */

/* Begin PBXFileSystemSynchronizedRootGroup section */
		E25884C32FE1AE2000F99ED7 /* BookMate */ = {
			isa = PBXFileSystemSynchronizedRootGroup;
			path = BookMate;
			sourceTree = "<group>";
		};
		E286E4972FB1B48600F1715A /* BookMateTests */ = {
			isa = PBXFileSystemSynchronizedRootGroup;
			path = BookMateTests;
			sourceTree = "<group>";
		};
		E286E4A12FB1B48600F1715A /* BookMateUITests */ = {
			isa = PBXFileSystemSynchronizedRootGroup;
			path = BookMateUITests;
			sourceTree = "<group>";
		};
/* End PBXFileSystemSynchronizedRootGroup section */

/* Begin PBXFrameworksBuildPhase section */
		E286E4822FB1B48400F1715A /* Frameworks */ = {
			isa = PBXFrameworksBuildPhase;
			buildActionMask = 2147483647;
			files = (
				E2F32AAC2FEFE7E7001EFB3E /* FirebaseMessaging in Frameworks */,
				E2F32AA82FEFE7CE001EFB3E /* FirebaseAnalytics in Frameworks */,
				E2CBCD312FE7B13200CFC0CF /* Kingfisher in Frameworks */,
				E29F41A72FCF592500021309 /* KakaoSDKCommon in Frameworks */,
				E29F41A52FCF592500021309 /* KakaoSDKAuth in Frameworks */,
				E282F6732FDC115500709518 /* FirebaseCore in Frameworks */,
				E2F32AAA2FEFE7D9001EFB3E /* FirebaseCrashlytics in Frameworks */,
				E282F6752FDC115500709518 /* FirebaseFirestore in Frameworks */,
				E29F41A92FCF592500021309 /* KakaoSDKUser in Frameworks */,
			);
			runOnlyForDeploymentPostprocessing = 0;
		};
		E286E4912FB1B48600F1715A /* Frameworks */ = {
			isa = PBXFrameworksBuildPhase;
			buildActionMask = 2147483647;
			files = (
			);
			runOnlyForDeploymentPostprocessing = 0;
		};
		E286E49B2FB1B48600F1715A /* Frameworks */ = {
			isa = PBXFrameworksBuildPhase;
			buildActionMask = 2147483647;
			files = (
			);
			runOnlyForDeploymentPostprocessing = 0;
		};
/* End PBXFrameworksBuildPhase section */

/* Begin PBXGroup section */
		E286E47C2FB1B48400F1715A = {
			isa = PBXGroup;
			children = (
				E25884C32FE1AE2000F99ED7 /* BookMate */,
				E286E4972FB1B48600F1715A /* BookMateTests */,
				E286E4A12FB1B48600F1715A /* BookMateUITests */,
				E2B000022FB5000000000002 /* Config */,
				E286E4862FB1B48400F1715A /* Products */,
				E2A46C952FB1D7640094CD4E /* Assets.xcassets */,
				E282F66F2FDC10C300709518 /* GoogleService-Info.plist */,
				E2F32AA62FEFE7CE001EFB3E /* Frameworks */,
			);
			sourceTree = "<group>";
		};
		E286E4862FB1B48400F1715A /* Products */ = {
			isa = PBXGroup;
			children = (
				E286E4852FB1B48400F1715A /* BookMate.app */,
				E286E4942FB1B48600F1715A /* BookMateTests.xctest */,
				E286E49E2FB1B48600F1715A /* BookMateUITests.xctest */,
			);
			name = Products;
			sourceTree = "<group>";
		};
		E2B000022FB5000000000002 /* Config */ = {
			isa = PBXGroup;
			children = (
				E2B000012FB5000000000001 /* Base.xcconfig */,
				E2B000032FB5000000000003 /* Info.plist */,
			);
			path = Config;
			sourceTree = "<group>";
		};
		E2F32AA62FEFE7CE001EFB3E /* Frameworks */ = {
			isa = PBXGroup;
			children = (
			);
			name = Frameworks;
			sourceTree = "<group>";
		};
/* End PBXGroup section */

/* Begin PBXNativeTarget section */
		E286E4842FB1B48400F1715A /* BookMate */ = {
			isa = PBXNativeTarget;
			buildConfigurationList = E286E4A82FB1B48600F1715A /* Build configuration list for PBXNativeTarget "BookMate" */;
			buildPhases = (
				E286E4812FB1B48400F1715A /* Sources */,
				E286E4822FB1B48400F1715A /* Frameworks */,
				E286E4832FB1B48400F1715A /* Resources */,
				E2F32AB32FF0410B001EFB3E /* Crashlytics dSYM Upload */,
			);
			buildRules = (
			);
			dependencies = (
			);
			fileSystemSynchronizedGroups = (
				E25884C32FE1AE2000F99ED7 /* BookMate */,
			);
			name = BookMate;
			packageProductDependencies = (
				E29F41A42FCF592500021309 /* KakaoSDKAuth */,
				E29F41A62FCF592500021309 /* KakaoSDKCommon */,
				E29F41A82FCF592500021309 /* KakaoSDKUser */,
				E282F6722FDC115500709518 /* FirebaseCore */,
				E282F6742FDC115500709518 /* FirebaseFirestore */,
				E2CBCD302FE7B13200CFC0CF /* Kingfisher */,
				E2F32AA72FEFE7CE001EFB3E /* FirebaseAnalytics */,
				E2F32AA92FEFE7D9001EFB3E /* FirebaseCrashlytics */,
				E2F32AAB2FEFE7E7001EFB3E /* FirebaseMessaging */,
			);
			productName = BookMate;
			productReference = E286E4852FB1B48400F1715A /* BookMate.app */;
			productType = "com.apple.product-type.application";
		};
		E286E4932FB1B48600F1715A /* BookMateTests */ = {
			isa = PBXNativeTarget;
			buildConfigurationList = E286E4AB2FB1B48600F1715A /* Build configuration list for PBXNativeTarget "BookMateTests" */;
			buildPhases = (
				E286E4902FB1B48600F1715A /* Sources */,
				E286E4912FB1B48600F1715A /* Frameworks */,
				E286E4922FB1B48600F1715A /* Resources */,
			);
			buildRules = (
			);
			dependencies = (
				E286E4962FB1B48600F1715A /* PBXTargetDependency */,
			);
			fileSystemSynchronizedGroups = (
				E286E4972FB1B48600F1715A /* BookMateTests */,
			);
			name = BookMateTests;
			packageProductDependencies = (
			);
			productName = BookMateTests;
			productReference = E286E4942FB1B48600F1715A /* BookMateTests.xctest */;
			productType = "com.apple.product-type.bundle.unit-test";
		};
		E286E49D2FB1B48600F1715A /* BookMateUITests */ = {
			isa = PBXNativeTarget;
			buildConfigurationList = E286E4AE2FB1B48600F1715A /* Build configuration list for PBXNativeTarget "BookMateUITests" */;
			buildPhases = (
				E286E49A2FB1B48600F1715A /* Sources */,
				E286E49B2FB1B48600F1715A /* Frameworks */,
				E286E49C2FB1B48600F1715A /* Resources */,
			);
			buildRules = (
			);
			dependencies = (
				E286E4A02FB1B48600F1715A /* PBXTargetDependency */,
			);
			fileSystemSynchronizedGroups = (
				E286E4A12FB1B48600F1715A /* BookMateUITests */,
			);
			name = BookMateUITests;
			packageProductDependencies = (
			);
			productName = BookMateUITests;
			productReference = E286E49E2FB1B48600F1715A /* BookMateUITests.xctest */;
			productType = "com.apple.product-type.bundle.ui-testing";
		};
/* End PBXNativeTarget section */

/* Begin PBXProject section */
		E286E47D2FB1B48400F1715A /* Project object */ = {
			isa = PBXProject;
			attributes = {
				BuildIndependentTargetsInParallel = 1;
				LastSwiftUpdateCheck = 2630;
				LastUpgradeCheck = 2630;
				TargetAttributes = {
					E286E4842FB1B48400F1715A = {
						CreatedOnToolsVersion = 26.3;
					};
					E286E4932FB1B48600F1715A = {
						CreatedOnToolsVersion = 26.3;
						TestTargetID = E286E4842FB1B48400F1715A;
					};
					E286E49D2FB1B48600F1715A = {
						CreatedOnToolsVersion = 26.3;
						TestTargetID = E286E4842FB1B48400F1715A;
					};
				};
			};
			buildConfigurationList = E286E4802FB1B48400F1715A /* Build configuration list for PBXProject "BookMate" */;
			developmentRegion = en;
			hasScannedForEncodings = 0;
			knownRegions = (
				en,
				ko,
				Base,
			);
			mainGroup = E286E47C2FB1B48400F1715A;
			minimizedProjectReferenceProxies = 1;
			packageReferences = (
				E29F41A32FCF592500021309 /* XCRemoteSwiftPackageReference "kakao-ios-sdk" */,
				E282F6712FDC115500709518 /* XCRemoteSwiftPackageReference "firebase-ios-sdk" */,
				E2CBCD2F2FE7B13200CFC0CF /* XCRemoteSwiftPackageReference "kingfisher" */,
			);
			preferredProjectObjectVersion = 77;
			productRefGroup = E286E4862FB1B48400F1715A /* Products */;
			projectDirPath = "";
			projectRoot = "";
			targets = (
				E286E4842FB1B48400F1715A /* BookMate */,
				E286E4932FB1B48600F1715A /* BookMateTests */,
				E286E49D2FB1B48600F1715A /* BookMateUITests */,
			);
		};
/* End PBXProject section */

/* Begin PBXResourcesBuildPhase section */
		E286E4832FB1B48400F1715A /* Resources */ = {
			isa = PBXResourcesBuildPhase;
			buildActionMask = 2147483647;
			files = (
				E282F6702FDC10C300709518 /* GoogleService-Info.plist in Resources */,
				E2A46C992FB1D7640094CD4E /* Assets.xcassets in Resources */,
			);
			runOnlyForDeploymentPostprocessing = 0;
		};
		E286E4922FB1B48600F1715A /* Resources */ = {
			isa = PBXResourcesBuildPhase;
			buildActionMask = 2147483647;
			files = (
			);
			runOnlyForDeploymentPostprocessing = 0;
		};
		E286E49C2FB1B48600F1715A /* Resources */ = {
			isa = PBXResourcesBuildPhase;
			buildActionMask = 2147483647;
			files = (
			);
			runOnlyForDeploymentPostprocessing = 0;
		};
/* End PBXResourcesBuildPhase section */

/* Begin PBXShellScriptBuildPhase section */
		E2F32AB32FF0410B001EFB3E /* Crashlytics dSYM Upload */ = {
			isa = PBXShellScriptBuildPhase;
			buildActionMask = 2147483647;
			files = (
			);
			inputFileListPaths = (
			);
			inputPaths = (
				"${DWARF_DSYM_FOLDER_PATH}/${DWARF_DSYM_FILE_NAME}\n${DWARF_DSYM_FOLDER_PATH}/${DWARF_DSYM_FILE_NAME}/Contents/Resources/DWARF/${PRODUCT_NAME}\n${DWARF_DSYM_FOLDER_PATH}/${DWARF_DSYM_FILE_NAME}/Contents/Info.plist\n$(TARGET_BUILD_DIR)/$(UNLOCALIZED_RESOURCES_FOLDER_PATH)/GoogleService-Info.plist\n$(TARGET_BUILD_DIR)/$(EXECUTABLE_PATH)",
				"${DWARF_DSYM_FOLDER_PATH}/${DWARF_DSYM_FILE_NAME}/Contents/Resources/DWARF/${PRODUCT_NAME}",
				"${DWARF_DSYM_FOLDER_PATH}/${DWARF_DSYM_FILE_NAME}/Contents/Info.plist",
				"$(TARGET_BUILD_DIR)/$(UNLOCALIZED_RESOURCES_FOLDER_PATH)/GoogleService-Info.plist",
				"$(TARGET_BUILD_DIR)/$(EXECUTABLE_PATH)",
			);
			name = "Crashlytics dSYM Upload";
			outputFileListPaths = (
			);
			outputPaths = (
			);
			runOnlyForDeploymentPostprocessing = 0;
			shellPath = /bin/sh;
			shellScript = "# Type a script or drag a script file from your workspace to insert its path.\n\"${BUILD_DIR%/Build/*}/SourcePackages/checkouts/firebase-ios-sdk/Crashlytics/run\"\n";
		};
/* End PBXShellScriptBuildPhase section */

/* Begin PBXSourcesBuildPhase section */
		E286E4812FB1B48400F1715A /* Sources */ = {
			isa = PBXSourcesBuildPhase;
			buildActionMask = 2147483647;
			files = (
			);
			runOnlyForDeploymentPostprocessing = 0;
		};
		E286E4902FB1B48600F1715A /* Sources */ = {
			isa = PBXSourcesBuildPhase;
			buildActionMask = 2147483647;
			files = (
			);
			runOnlyForDeploymentPostprocessing = 0;
		};
		E286E49A2FB1B48600F1715A /* Sources */ = {
			isa = PBXSourcesBuildPhase;
			buildActionMask = 2147483647;
			files = (
			);
			runOnlyForDeploymentPostprocessing = 0;
		};
/* End PBXSourcesBuildPhase section */

/* Begin PBXTargetDependency section */
		E286E4962FB1B48600F1715A /* PBXTargetDependency */ = {
			isa = PBXTargetDependency;
			target = E286E4842FB1B48400F1715A /* BookMate */;
			targetProxy = E286E4952FB1B48600F1715A /* PBXContainerItemProxy */;
		};
		E286E4A02FB1B48600F1715A /* PBXTargetDependency */ = {
			isa = PBXTargetDependency;
			target = E286E4842FB1B48400F1715A /* BookMate */;
			targetProxy = E286E49F2FB1B48600F1715A /* PBXContainerItemProxy */;
		};
/* End PBXTargetDependency section */

/* Begin XCBuildConfiguration section */
		E286E4A62FB1B48600F1715A /* Debug */ = {
			isa = XCBuildConfiguration;
			buildSettings = {
				ALWAYS_SEARCH_USER_PATHS = NO;
				ASSETCATALOG_COMPILER_GENERATE_SWIFT_ASSET_SYMBOL_EXTENSIONS = YES;
				CLANG_ANALYZER_NONNULL = YES;
				CLANG_ANALYZER_NUMBER_OBJECT_CONVERSION = YES_AGGRESSIVE;
				CLANG_CXX_LANGUAGE_STANDARD = "gnu++20";
				CLANG_ENABLE_MODULES = YES;
				CLANG_ENABLE_OBJC_ARC = YES;
				CLANG_ENABLE_OBJC_WEAK = YES;
				CLANG_WARN_BLOCK_CAPTURE_AUTORELEASING = YES;
				CLANG_WARN_BOOL_CONVERSION = YES;
				CLANG_WARN_COMMA = YES;
				CLANG_WARN_CONSTANT_CONVERSION = YES;
				CLANG_WARN_DEPRECATED_OBJC_IMPLEMENTATIONS = YES;
				CLANG_WARN_DIRECT_OBJC_ISA_USAGE = YES_ERROR;
				CLANG_WARN_DOCUMENTATION_COMMENTS = YES;
				CLANG_WARN_EMPTY_BODY = YES;
				CLANG_WARN_ENUM_CONVERSION = YES;
				CLANG_WARN_INFINITE_RECURSION = YES;
				CLANG_WARN_INT_CONVERSION = YES;
				CLANG_WARN_NON_LITERAL_NULL_CONVERSION = YES;
				CLANG_WARN_OBJC_IMPLICIT_RETAIN_SELF = YES;
				CLANG_WARN_OBJC_LITERAL_CONVERSION = YES;
				CLANG_WARN_OBJC_ROOT_CLASS = YES_ERROR;
				CLANG_WARN_QUOTED_INCLUDE_IN_FRAMEWORK_HEADER = YES;
				CLANG_WARN_RANGE_LOOP_ANALYSIS = YES;
				CLANG_WARN_STRICT_PROTOTYPES = YES;
				CLANG_WARN_SUSPICIOUS_MOVE = YES;
				CLANG_WARN_UNGUARDED_AVAILABILITY = YES_AGGRESSIVE;
				CLANG_WARN_UNREACHABLE_CODE = YES;
				CLANG_WARN__DUPLICATE_METHOD_MATCH = YES;
				COPY_PHASE_STRIP = NO;
				DEBUG_INFORMATION_FORMAT = dwarf;
				ENABLE_STRICT_OBJC_MSGSEND = YES;
				ENABLE_TESTABILITY = YES;
				ENABLE_USER_SCRIPT_SANDBOXING = YES;
				GCC_C_LANGUAGE_STANDARD = gnu17;
				GCC_DYNAMIC_NO_PIC = NO;
				GCC_NO_COMMON_BLOCKS = YES;
				GCC_OPTIMIZATION_LEVEL = 0;
				GCC_PREPROCESSOR_DEFINITIONS = (
					"DEBUG=1",
					"$(inherited)",
				);
				GCC_WARN_64_TO_32_BIT_CONVERSION = YES;
				GCC_WARN_ABOUT_RETURN_TYPE = YES_ERROR;
				GCC_WARN_UNDECLARED_SELECTOR = YES;
				GCC_WARN_UNINITIALIZED_AUTOS = YES_AGGRESSIVE;
				GCC_WARN_UNUSED_FUNCTION = YES;
				GCC_WARN_UNUSED_VARIABLE = YES;
				LOCALIZATION_PREFERS_STRING_CATALOGS = YES;
				MTL_ENABLE_DEBUG_INFO = INCLUDE_SOURCE;
				MTL_FAST_MATH = YES;
				ONLY_ACTIVE_ARCH = YES;
				SWIFT_ACTIVE_COMPILATION_CONDITIONS = "DEBUG $(inherited)";
				SWIFT_OPTIMIZATION_LEVEL = "-Onone";
			};
			name = Debug;
		};
		E286E4A72FB1B48600F1715A /* Release */ = {
			isa = XCBuildConfiguration;
			buildSettings = {
				ALWAYS_SEARCH_USER_PATHS = NO;
				ASSETCATALOG_COMPILER_GENERATE_SWIFT_ASSET_SYMBOL_EXTENSIONS = YES;
				CLANG_ANALYZER_NONNULL = YES;
				CLANG_ANALYZER_NUMBER_OBJECT_CONVERSION = YES_AGGRESSIVE;
				CLANG_CXX_LANGUAGE_STANDARD = "gnu++20";
				CLANG_ENABLE_MODULES = YES;
				CLANG_ENABLE_OBJC_ARC = YES;
				CLANG_ENABLE_OBJC_WEAK = YES;
				CLANG_WARN_BLOCK_CAPTURE_AUTORELEASING = YES;
				CLANG_WARN_BOOL_CONVERSION = YES;
				CLANG_WARN_COMMA = YES;
				CLANG_WARN_CONSTANT_CONVERSION = YES;
				CLANG_WARN_DEPRECATED_OBJC_IMPLEMENTATIONS = YES;
				CLANG_WARN_DIRECT_OBJC_ISA_USAGE = YES_ERROR;
				CLANG_WARN_DOCUMENTATION_COMMENTS = YES;
				CLANG_WARN_EMPTY_BODY = YES;
				CLANG_WARN_ENUM_CONVERSION = YES;
				CLANG_WARN_INFINITE_RECURSION = YES;
				CLANG_WARN_INT_CONVERSION = YES;
				CLANG_WARN_NON_LITERAL_NULL_CONVERSION = YES;
				CLANG_WARN_OBJC_IMPLICIT_RETAIN_SELF = YES;
				CLANG_WARN_OBJC_LITERAL_CONVERSION = YES;
				CLANG_WARN_OBJC_ROOT_CLASS = YES_ERROR;
				CLANG_WARN_QUOTED_INCLUDE_IN_FRAMEWORK_HEADER = YES;
				CLANG_WARN_RANGE_LOOP_ANALYSIS = YES;
				CLANG_WARN_STRICT_PROTOTYPES = YES;
				CLANG_WARN_SUSPICIOUS_MOVE = YES;
				CLANG_WARN_UNGUARDED_AVAILABILITY = YES_AGGRESSIVE;
				CLANG_WARN_UNREACHABLE_CODE = YES;
				CLANG_WARN__DUPLICATE_METHOD_MATCH = YES;
				COPY_PHASE_STRIP = NO;
				DEBUG_INFORMATION_FORMAT = "dwarf-with-dsym";
				ENABLE_NS_ASSERTIONS = NO;
				ENABLE_STRICT_OBJC_MSGSEND = YES;
				ENABLE_USER_SCRIPT_SANDBOXING = YES;
				GCC_C_LANGUAGE_STANDARD = gnu17;
				GCC_NO_COMMON_BLOCKS = YES;
				GCC_WARN_64_TO_32_BIT_CONVERSION = YES;
				GCC_WARN_ABOUT_RETURN_TYPE = YES_ERROR;
				GCC_WARN_UNDECLARED_SELECTOR = YES;
				GCC_WARN_UNINITIALIZED_AUTOS = YES_AGGRESSIVE;
				GCC_WARN_UNUSED_FUNCTION = YES;
				GCC_WARN_UNUSED_VARIABLE = YES;
				LOCALIZATION_PREFERS_STRING_CATALOGS = YES;
				MTL_ENABLE_DEBUG_INFO = NO;
				MTL_FAST_MATH = YES;
				SWIFT_COMPILATION_MODE = wholemodule;
			};
			name = Release;
		};
		E286E4A92FB1B48600F1715A /* Debug */ = {
			isa = XCBuildConfiguration;
			baseConfigurationReference = E2B000012FB5000000000001 /* Base.xcconfig */;
			buildSettings = {
				ASSETCATALOG_COMPILER_APPICON_NAME = AppIcon;
				ASSETCATALOG_COMPILER_GLOBAL_ACCENT_COLOR_NAME = AccentColor;
				BOOKMATE_API_ENVIRONMENT = local;
				CODE_SIGN_ENTITLEMENTS = BookMate/BookMate.entitlements;
				CODE_SIGN_STYLE = Automatic;
				CURRENT_PROJECT_VERSION = 15;
				DEVELOPMENT_TEAM = ZTTSJ4D5X7;
				ENABLE_APP_SANDBOX = YES;
				ENABLE_PREVIEWS = YES;
				ENABLE_USER_SELECTED_FILES = readonly;
				GENERATE_INFOPLIST_FILE = NO;
				INFOPLIST_FILE = Config/Info.plist;
				"INFOPLIST_KEY_UIApplicationSceneManifest_Generation[sdk=iphoneos*]" = YES;
				"INFOPLIST_KEY_UIApplicationSceneManifest_Generation[sdk=iphonesimulator*]" = YES;
				"INFOPLIST_KEY_UIApplicationSupportsIndirectInputEvents[sdk=iphoneos*]" = YES;
				"INFOPLIST_KEY_UIApplicationSupportsIndirectInputEvents[sdk=iphonesimulator*]" = YES;
				"INFOPLIST_KEY_UILaunchScreen_Generation[sdk=iphoneos*]" = YES;
				"INFOPLIST_KEY_UILaunchScreen_Generation[sdk=iphonesimulator*]" = YES;
				"INFOPLIST_KEY_UIStatusBarStyle[sdk=iphoneos*]" = UIStatusBarStyleDefault;
				"INFOPLIST_KEY_UIStatusBarStyle[sdk=iphonesimulator*]" = UIStatusBarStyleDefault;
				INFOPLIST_KEY_UISupportedInterfaceOrientations_iPad = "UIInterfaceOrientationPortrait UIInterfaceOrientationPortraitUpsideDown UIInterfaceOrientationLandscapeLeft UIInterfaceOrientationLandscapeRight";
				INFOPLIST_KEY_UISupportedInterfaceOrientations_iPhone = "UIInterfaceOrientationPortrait UIInterfaceOrientationLandscapeLeft UIInterfaceOrientationLandscapeRight";
				IPHONEOS_DEPLOYMENT_TARGET = 26.2;
				LD_RUNPATH_SEARCH_PATHS = "@executable_path/Frameworks";
				"LD_RUNPATH_SEARCH_PATHS[sdk=macosx*]" = "@executable_path/../Frameworks";
				MACOSX_DEPLOYMENT_TARGET = 26.2;
				MARKETING_VERSION = 1.1.2;
				PRODUCT_BUNDLE_IDENTIFIER = "cozyrim.BookMate-mini";
				PRODUCT_NAME = "$(TARGET_NAME)";
				REGISTER_APP_GROUPS = YES;
				SDKROOT = auto;
				STRING_CATALOG_GENERATE_SYMBOLS = YES;
				SUPPORTED_PLATFORMS = "iphoneos iphonesimulator";
				SUPPORTS_MACCATALYST = NO;
				SWIFT_APPROACHABLE_CONCURRENCY = YES;
				SWIFT_DEFAULT_ACTOR_ISOLATION = MainActor;
				SWIFT_EMIT_LOC_STRINGS = YES;
				SWIFT_UPCOMING_FEATURE_MEMBER_IMPORT_VISIBILITY = YES;
				SWIFT_VERSION = 5.0;
				TARGETED_DEVICE_FAMILY = "1,2";
				XROS_DEPLOYMENT_TARGET = 26.2;
			};
			name = Debug;
		};
		E286E4AA2FB1B48600F1715A /* Release */ = {
			isa = XCBuildConfiguration;
			baseConfigurationReference = E2B000012FB5000000000001 /* Base.xcconfig */;
			buildSettings = {
				ASSETCATALOG_COMPILER_APPICON_NAME = AppIcon;
				ASSETCATALOG_COMPILER_GLOBAL_ACCENT_COLOR_NAME = AccentColor;
				BOOKMATE_API_ENVIRONMENT = production;
				CODE_SIGN_ENTITLEMENTS = BookMate/BookMate.entitlements;
				CODE_SIGN_STYLE = Automatic;
				CURRENT_PROJECT_VERSION = 15;
				DEVELOPMENT_TEAM = ZTTSJ4D5X7;
				ENABLE_APP_SANDBOX = YES;
				ENABLE_PREVIEWS = YES;
				ENABLE_USER_SELECTED_FILES = readonly;
				GENERATE_INFOPLIST_FILE = NO;
				INFOPLIST_FILE = Config/Info.plist;
				"INFOPLIST_KEY_UIApplicationSceneManifest_Generation[sdk=iphoneos*]" = YES;
				"INFOPLIST_KEY_UIApplicationSceneManifest_Generation[sdk=iphonesimulator*]" = YES;
				"INFOPLIST_KEY_UIApplicationSupportsIndirectInputEvents[sdk=iphoneos*]" = YES;
				"INFOPLIST_KEY_UIApplicationSupportsIndirectInputEvents[sdk=iphonesimulator*]" = YES;
				"INFOPLIST_KEY_UILaunchScreen_Generation[sdk=iphoneos*]" = YES;
				"INFOPLIST_KEY_UILaunchScreen_Generation[sdk=iphonesimulator*]" = YES;
				"INFOPLIST_KEY_UIStatusBarStyle[sdk=iphoneos*]" = UIStatusBarStyleDefault;
				"INFOPLIST_KEY_UIStatusBarStyle[sdk=iphonesimulator*]" = UIStatusBarStyleDefault;
				INFOPLIST_KEY_UISupportedInterfaceOrientations_iPad = "UIInterfaceOrientationPortrait UIInterfaceOrientationPortraitUpsideDown UIInterfaceOrientationLandscapeLeft UIInterfaceOrientationLandscapeRight";
				INFOPLIST_KEY_UISupportedInterfaceOrientations_iPhone = "UIInterfaceOrientationPortrait UIInterfaceOrientationLandscapeLeft UIInterfaceOrientationLandscapeRight";
				IPHONEOS_DEPLOYMENT_TARGET = 26.2;
				LD_RUNPATH_SEARCH_PATHS = "@executable_path/Frameworks";
				"LD_RUNPATH_SEARCH_PATHS[sdk=macosx*]" = "@executable_path/../Frameworks";
				MACOSX_DEPLOYMENT_TARGET = 26.2;
				MARKETING_VERSION = 1.1.2;
				PRODUCT_BUNDLE_IDENTIFIER = "cozyrim.BookMate-mini";
				PRODUCT_NAME = "$(TARGET_NAME)";
				REGISTER_APP_GROUPS = YES;
				SDKROOT = auto;
				STRING_CATALOG_GENERATE_SYMBOLS = YES;
				SUPPORTED_PLATFORMS = "iphoneos iphonesimulator";
				SUPPORTS_MACCATALYST = NO;
				SWIFT_APPROACHABLE_CONCURRENCY = YES;
				SWIFT_DEFAULT_ACTOR_ISOLATION = MainActor;
				SWIFT_EMIT_LOC_STRINGS = YES;
				SWIFT_UPCOMING_FEATURE_MEMBER_IMPORT_VISIBILITY = YES;
				SWIFT_VERSION = 5.0;
				TARGETED_DEVICE_FAMILY = "1,2";
				XROS_DEPLOYMENT_TARGET = 26.2;
			};
			name = Release;
		};
		E286E4AC2FB1B48600F1715A /* Debug */ = {
			isa = XCBuildConfiguration;
			buildSettings = {
				BUNDLE_LOADER = "$(TEST_HOST)";
				CODE_SIGN_STYLE = Automatic;
				CURRENT_PROJECT_VERSION = 1;
				GENERATE_INFOPLIST_FILE = YES;
				IPHONEOS_DEPLOYMENT_TARGET = 26.2;
				MACOSX_DEPLOYMENT_TARGET = 26.2;
				MARKETING_VERSION = 1.0;
				PRODUCT_BUNDLE_IDENTIFIER = cozyrim.BookMateTests;
				PRODUCT_NAME = "$(TARGET_NAME)";
				SDKROOT = auto;
				STRING_CATALOG_GENERATE_SYMBOLS = NO;
				SUPPORTED_PLATFORMS = "iphoneos iphonesimulator macosx xros xrsimulator";
				SWIFT_APPROACHABLE_CONCURRENCY = YES;
				SWIFT_EMIT_LOC_STRINGS = NO;
				SWIFT_UPCOMING_FEATURE_MEMBER_IMPORT_VISIBILITY = YES;
				SWIFT_VERSION = 5.0;
				TARGETED_DEVICE_FAMILY = "1,2,7";
				TEST_HOST = "$(BUILT_PRODUCTS_DIR)/BookMate.app/$(BUNDLE_EXECUTABLE_FOLDER_PATH)/BookMate";
				XROS_DEPLOYMENT_TARGET = 26.2;
			};
			name = Debug;
		};
		E286E4AD2FB1B48600F1715A /* Release */ = {
			isa = XCBuildConfiguration;
			buildSettings = {
				BUNDLE_LOADER = "$(TEST_HOST)";
				CODE_SIGN_STYLE = Automatic;
				CURRENT_PROJECT_VERSION = 1;
				GENERATE_INFOPLIST_FILE = YES;
				IPHONEOS_DEPLOYMENT_TARGET = 26.2;
				MACOSX_DEPLOYMENT_TARGET = 26.2;
				MARKETING_VERSION = 1.0;
				PRODUCT_BUNDLE_IDENTIFIER = cozyrim.BookMateTests;
				PRODUCT_NAME = "$(TARGET_NAME)";
				SDKROOT = auto;
				STRING_CATALOG_GENERATE_SYMBOLS = NO;
				SUPPORTED_PLATFORMS = "iphoneos iphonesimulator macosx xros xrsimulator";
				SWIFT_APPROACHABLE_CONCURRENCY = YES;
				SWIFT_EMIT_LOC_STRINGS = NO;
				SWIFT_UPCOMING_FEATURE_MEMBER_IMPORT_VISIBILITY = YES;
				SWIFT_VERSION = 5.0;
				TARGETED_DEVICE_FAMILY = "1,2,7";
				TEST_HOST = "$(BUILT_PRODUCTS_DIR)/BookMate.app/$(BUNDLE_EXECUTABLE_FOLDER_PATH)/BookMate";
				XROS_DEPLOYMENT_TARGET = 26.2;
			};
			name = Release;
		};
		E286E4AF2FB1B48600F1715A /* Debug */ = {
			isa = XCBuildConfiguration;
			buildSettings = {
				CODE_SIGN_STYLE = Automatic;
				CURRENT_PROJECT_VERSION = 1;
				GENERATE_INFOPLIST_FILE = YES;
				IPHONEOS_DEPLOYMENT_TARGET = 26.2;
				MACOSX_DEPLOYMENT_TARGET = 26.2;
				MARKETING_VERSION = 1.0;
				PRODUCT_BUNDLE_IDENTIFIER = cozyrim.BookMateUITests;
				PRODUCT_NAME = "$(TARGET_NAME)";
				SDKROOT = auto;
				STRING_CATALOG_GENERATE_SYMBOLS = NO;
				SUPPORTED_PLATFORMS = "iphoneos iphonesimulator macosx xros xrsimulator";
				SWIFT_APPROACHABLE_CONCURRENCY = YES;
				SWIFT_EMIT_LOC_STRINGS = NO;
				SWIFT_UPCOMING_FEATURE_MEMBER_IMPORT_VISIBILITY = YES;
				SWIFT_VERSION = 5.0;
				TARGETED_DEVICE_FAMILY = "1,2,7";
				TEST_TARGET_NAME = BookMate;
				XROS_DEPLOYMENT_TARGET = 26.2;
			};
			name = Debug;
		};
		E286E4B02FB1B48600F1715A /* Release */ = {
			isa = XCBuildConfiguration;
			buildSettings = {
				CODE_SIGN_STYLE = Automatic;
				CURRENT_PROJECT_VERSION = 1;
				GENERATE_INFOPLIST_FILE = YES;
				IPHONEOS_DEPLOYMENT_TARGET = 26.2;
				MACOSX_DEPLOYMENT_TARGET = 26.2;
				MARKETING_VERSION = 1.0;
				PRODUCT_BUNDLE_IDENTIFIER = cozyrim.BookMateUITests;
				PRODUCT_NAME = "$(TARGET_NAME)";
				SDKROOT = auto;
				STRING_CATALOG_GENERATE_SYMBOLS = NO;
				SUPPORTED_PLATFORMS = "iphoneos iphonesimulator macosx xros xrsimulator";
				SWIFT_APPROACHABLE_CONCURRENCY = YES;
				SWIFT_EMIT_LOC_STRINGS = NO;
				SWIFT_UPCOMING_FEATURE_MEMBER_IMPORT_VISIBILITY = YES;
				SWIFT_VERSION = 5.0;
				TARGETED_DEVICE_FAMILY = "1,2,7";
				TEST_TARGET_NAME = BookMate;
				XROS_DEPLOYMENT_TARGET = 26.2;
			};
			name = Release;
		};
/* End XCBuildConfiguration section */

/* Begin XCConfigurationList section */
		E286E4802FB1B48400F1715A /* Build configuration list for PBXProject "BookMate" */ = {
			isa = XCConfigurationList;
			buildConfigurations = (
				E286E4A62FB1B48600F1715A /* Debug */,
				E286E4A72FB1B48600F1715A /* Release */,
			);
			defaultConfigurationIsVisible = 0;
			defaultConfigurationName = Release;
		};
		E286E4A82FB1B48600F1715A /* Build configuration list for PBXNativeTarget "BookMate" */ = {
			isa = XCConfigurationList;
			buildConfigurations = (
				E286E4A92FB1B48600F1715A /* Debug */,
				E286E4AA2FB1B48600F1715A /* Release */,
			);
			defaultConfigurationIsVisible = 0;
			defaultConfigurationName = Release;
		};
		E286E4AB2FB1B48600F1715A /* Build configuration list for PBXNativeTarget "BookMateTests" */ = {
			isa = XCConfigurationList;
			buildConfigurations = (
				E286E4AC2FB1B48600F1715A /* Debug */,
				E286E4AD2FB1B48600F1715A /* Release */,
			);
			defaultConfigurationIsVisible = 0;
			defaultConfigurationName = Release;
		};
		E286E4AE2FB1B48600F1715A /* Build configuration list for PBXNativeTarget "BookMateUITests" */ = {
			isa = XCConfigurationList;
			buildConfigurations = (
				E286E4AF2FB1B48600F1715A /* Debug */,
				E286E4B02FB1B48600F1715A /* Release */,
			);
			defaultConfigurationIsVisible = 0;
			defaultConfigurationName = Release;
		};
/* End XCConfigurationList section */

/* Begin XCRemoteSwiftPackageReference section */
		E282F6712FDC115500709518 /* XCRemoteSwiftPackageReference "firebase-ios-sdk" */ = {
			isa = XCRemoteSwiftPackageReference;
			repositoryURL = "https://github.com/firebase/firebase-ios-sdk";
			requirement = {
				kind = upToNextMajorVersion;
				minimumVersion = 12.14.0;
			};
		};
		E29F41A32FCF592500021309 /* XCRemoteSwiftPackageReference "kakao-ios-sdk" */ = {
			isa = XCRemoteSwiftPackageReference;
			repositoryURL = "https://github.com/kakao/kakao-ios-sdk";
			requirement = {
				kind = upToNextMajorVersion;
				minimumVersion = 2.27.3;
			};
		};
		E2CBCD2F2FE7B13200CFC0CF /* XCRemoteSwiftPackageReference "kingfisher" */ = {
			isa = XCRemoteSwiftPackageReference;
			repositoryURL = "https://github.com/onevcat/kingfisher";
			requirement = {
				kind = upToNextMajorVersion;
				minimumVersion = 8.10.0;
			};
		};
/* End XCRemoteSwiftPackageReference section */

/* Begin XCSwiftPackageProductDependency section */
		E282F6722FDC115500709518 /* FirebaseCore */ = {
			isa = XCSwiftPackageProductDependency;
			package = E282F6712FDC115500709518 /* XCRemoteSwiftPackageReference "firebase-ios-sdk" */;
			productName = FirebaseCore;
		};
		E282F6742FDC115500709518 /* FirebaseFirestore */ = {
			isa = XCSwiftPackageProductDependency;
			package = E282F6712FDC115500709518 /* XCRemoteSwiftPackageReference "firebase-ios-sdk" */;
			productName = FirebaseFirestore;
		};
		E29F41A42FCF592500021309 /* KakaoSDKAuth */ = {
			isa = XCSwiftPackageProductDependency;
			package = E29F41A32FCF592500021309 /* XCRemoteSwiftPackageReference "kakao-ios-sdk" */;
			productName = KakaoSDKAuth;
		};
		E29F41A62FCF592500021309 /* KakaoSDKCommon */ = {
			isa = XCSwiftPackageProductDependency;
			package = E29F41A32FCF592500021309 /* XCRemoteSwiftPackageReference "kakao-ios-sdk" */;
			productName = KakaoSDKCommon;
		};
		E29F41A82FCF592500021309 /* KakaoSDKUser */ = {
			isa = XCSwiftPackageProductDependency;
			package = E29F41A32FCF592500021309 /* XCRemoteSwiftPackageReference "kakao-ios-sdk" */;
			productName = KakaoSDKUser;
		};
		E2CBCD302FE7B13200CFC0CF /* Kingfisher */ = {
			isa = XCSwiftPackageProductDependency;
			package = E2CBCD2F2FE7B13200CFC0CF /* XCRemoteSwiftPackageReference "kingfisher" */;
			productName = Kingfisher;
		};
		E2F32AA72FEFE7CE001EFB3E /* FirebaseAnalytics */ = {
			isa = XCSwiftPackageProductDependency;
			package = E282F6712FDC115500709518 /* XCRemoteSwiftPackageReference "firebase-ios-sdk" */;
			productName = FirebaseAnalytics;
		};
		E2F32AA92FEFE7D9001EFB3E /* FirebaseCrashlytics */ = {
			isa = XCSwiftPackageProductDependency;
			package = E282F6712FDC115500709518 /* XCRemoteSwiftPackageReference "firebase-ios-sdk" */;
			productName = FirebaseCrashlytics;
		};
		E2F32AAB2FEFE7E7001EFB3E /* FirebaseMessaging */ = {
			isa = XCSwiftPackageProductDependency;
			package = E282F6712FDC115500709518 /* XCRemoteSwiftPackageReference "firebase-ios-sdk" */;
			productName = FirebaseMessaging;
		};
/* End XCSwiftPackageProductDependency section */
	};
	rootObject = E286E47D2FB1B48400F1715A /* Project object */;
}
